
Microsoft Visual Studio Solution File, Format Version 11.00
# Visual Web Developer Express 2010
Project("{FAE04EC0-301F-11D3-BF4B-00C04F79EFBC}") = "AddressBook", "AddressBook\AddressBook.csproj", "{07B39289-B46A-4CC3-A4AF-30F533CD0038}"
EndProject
Project("{FAE04EC0-301F-11D3-BF4B-00C04F79EFBC}") = "UI", "UI\UI.csproj", "{C8305315-BC2C-4131-A169-CEE5AC7C51D4}"
EndProject
Global
	GlobalSection(SolutionConfigurationPlatforms) = preSolution
		Debug|Any CPU = Debug|Any CPU
		Debug|Mixed Platforms = Debug|Mixed Platforms
		Debug|x86 = Debug|x86
		Release|Any CPU = Release|Any CPU
		Release|Mixed Platforms = Release|Mixed Platforms
		Release|x86 = Release|x86
	EndGlobalSection
	GlobalSection(ProjectConfigurationPlatforms) = postSolution
		{07B39289-B46A-4CC3-A4AF-30F533CD0038}.Debug|Any CPU.ActiveCfg = Debug|Any CPU
		{07B39289-B46A-4CC3-A4AF-30F533CD0038}.Debug|Any CPU.Build.0 = Debug|Any CPU
		{07B39289-B46A-4CC3-A4AF-30F533CD0038}.Debug|Mixed Platforms.ActiveCfg = Debug|Any CPU
		{07B39289-B46A-4CC3-A4AF-30F533CD0038}.Debug|Mixed Platforms.Build.0 = Debug|Any CPU
		{07B39289-B46A-4CC3-A4AF-30F533CD0038}.Debug|x86.ActiveCfg = Debug|Any CPU
		{07B39289-B46A-4CC3-A4AF-30F533CD0038}.Release|Any CPU.ActiveCfg = Release|Any CPU
		{07B39289-B46A-4CC3-A4AF-30F533CD0038}.Release|Any CPU.Build.0 = Release|Any CPU
		{07B39289-B46A-4CC3-A4AF-30F533CD0038}.Release|Mixed Platforms.ActiveCfg = Release|Any CPU
		{07B39289-B46A-4CC3-A4AF-30F533CD0038}.Release|Mixed Platforms.Build.0 = Release|Any CPU
		{07B39289-B46A-4CC3-A4AF-30F533CD0038}.Release|x86.ActiveCfg = Release|Any CPU
		{C8305315-BC2C-4131-A169-CEE5AC7C51D4}.Debug|Any CPU.ActiveCfg = Debug|Any CPU
		{C8305315-BC2C-4131-A169-CEE5AC7C51D4}.Debug|Any CPU.Build.0 = Debug|Any CPU
		{C8305315-BC2C-4131-A169-CEE5AC7C51D4}.Debug|Mixed Platforms.ActiveCfg = Debug|Any CPU
		{C8305315-BC2C-4131-A169-CEE5AC7C51D4}.Debug|Mixed Platforms.Build.0 = Debug|Any CPU
		{C8305315-BC2C-4131-A169-CEE5AC7C51D4}.Debug|x86.ActiveCfg = Debug|Any CPU
		{C8305315-BC2C-4131-A169-CEE5AC7C51D4}.Release|Any CPU.ActiveCfg = Release|Any CPU
		{C8305315-BC2C-4131-A169-CEE5AC7C51D4}.Release|Any CPU.Build.0 = Release|Any CPU
		{C8305315-BC2C-4131-A169-CEE5AC7C51D4}.Release|Mixed Platforms.ActiveCfg = Release|Any CPU
		{C8305315-BC2C-4131-A169-CEE5AC7C51D4}.Release|Mixed Platforms.Build.0 = Release|Any CPU
		{C8305315-BC2C-4131-A169-CEE5AC7C51D4}.Release|x86.ActiveCfg = Release|Any CPU
	EndGlobalSection
	GlobalSection(SolutionProperties) = preSolution
		HideSolutionNode = FALSE
	EndGlobalSection
EndGlobal
